
Microsoft Visual Studio Solution File, Format Version 12.00
# Visual Studio Version 17
VisualStudioVersion = 17.1.32414.318
MinimumVisualStudioVersion = 10.0.40219.1
Project("{FAE04EC0-301F-11D3-BF4B-00C04F79EFBC}") = "storedprocedure", "storedprocedure\storedprocedure.csproj", "{3566587B-62B4-46DF-871F-4323C43F5526}"
EndProject
Global
	GlobalSection(SolutionConfigurationPlatforms) = preSolution
		Debug|Any CPU = Debug|Any CPU
		Release|Any CPU = Release|Any CPU
	EndGlobalSection
	GlobalSection(ProjectConfigurationPlatforms) = postSolution
		{3566587B-62B4-46DF-871F-4323C43F5526}.Debug|Any CPU.ActiveCfg = Debug|Any CPU
		{3566587B-62B4-46DF-871F-4323C43F5526}.Debug|Any CPU.Build.0 = Debug|Any CPU
		{3566587B-62B4-46DF-871F-4323C43F5526}.Release|Any CPU.ActiveCfg = Release|Any CPU
		{3566587B-62B4-46DF-871F-4323C43F5526}.Release|Any CPU.Build.0 = Release|Any CPU
	EndGlobalSection
	GlobalSection(SolutionProperties) = preSolution
		HideSolutionNode = FALSE
	EndGlobalSection
	GlobalSection(ExtensibilityGlobals) = postSolution
		SolutionGuid = {D11D86D2-CC16-4376-B666-77CD939DD9A2}
	EndGlobalSection
EndGlobal
